
Microsoft Visual Studio Solution File, Format Version 12.00
# Visual Studio Version 17
VisualStudioVersion = 17.8.34330.188
MinimumVisualStudioVersion = 10.0.40219.1
Project("{FAE04EC0-301F-11D3-BF4B-00C04F79EFBC}") = "Lab9", "Lab9\Lab9.csproj", "{65229AF7-577D-4E07-B3B3-75793C53CD4B}"
EndProject
Global
	GlobalSection(SolutionConfigurationPlatforms) = preSolution
		Debug|Any CPU = Debug|Any CPU
		Release|Any CPU = Release|Any CPU
	EndGlobalSection
	GlobalSection(ProjectConfigurationPlatforms) = postSolution
		{65229AF7-577D-4E07-B3B3-75793C53CD4B}.Debug|Any CPU.ActiveCfg = Debug|Any CPU
		{65229AF7-577D-4E07-B3B3-75793C53CD4B}.Debug|Any CPU.Build.0 = Debug|Any CPU
		{65229AF7-577D-4E07-B3B3-75793C53CD4B}.Release|Any CPU.ActiveCfg = Release|Any CPU
		{65229AF7-577D-4E07-B3B3-75793C53CD4B}.Release|Any CPU.Build.0 = Release|Any CPU
	EndGlobalSection
	GlobalSection(SolutionProperties) = preSolution
		HideSolutionNode = FALSE
	EndGlobalSection
	GlobalSection(ExtensibilityGlobals) = postSolution
		SolutionGuid = {7C0BC9CA-D571-4C2B-950E-E40CBD053E53}
	EndGlobalSection
EndGlobal
